// !$*UTF8*$!
{
	archiveVersion = 1;
	classes = {
	};
	objectVersion = 55;
	objects = {

/* Begin PBXBuildFile section */
		3F07F04927A178D0003E36CB /* DetailScreen.swift in Sources */ = {isa = PBXBuildFile; fileRef = 3F07F04827A178D0003E36CB /* DetailScreen.swift */; };
		3F7DF297279FE3140089491A /* FurnitureApp.swift in Sources */ = {isa = PBXBuildFile; fileRef = 3F7DF296279FE3140089491A /* FurnitureApp.swift */; };
		3F7DF299279FE3140089491A /* ContentView.swift in Sources */ = {isa = PBXBuildFile; fileRef = 3F7DF298279FE3140089491A /* ContentView.swift */; };
		3F7DF29B279FE3160089491A /* Assets.xcassets in Resources */ = {isa = PBXBuildFile; fileRef = 3F7DF29A279FE3160089491A /* Assets.xcassets */; };
		3F7DF29E279FE3160089491A /* Preview Assets.xcassets in Resources */ = {isa = PBXBuildFile; fileRef = 3F7DF29D279FE3160089491A /* Preview Assets.xcassets */; };
		3F7DF2A8279FE3160089491A /* FurnitureTests.swift in Sources */ = {isa = PBXBuildFile; fileRef = 3F7DF2A7279FE3160089491A /* FurnitureTests.swift */; };
		3F7DF2B2279FE3160089491A /* FurnitureUITests.swift in Sources */ = {isa = PBXBuildFile; fileRef = 3F7DF2B1279FE3160089491A /* FurnitureUITests.swift */; };
		3F7DF2B4279FE3160089491A /* FurnitureUITestsLaunchTests.swift in Sources */ = {isa = PBXBuildFile; fileRef = 3F7DF2B3279FE3160089491A /* FurnitureUITestsLaunchTests.swift */; };
		3F7DF2C727A040CD0089491A /* HomeScreen.swift in Sources */ = {isa = PBXBuildFile; fileRef = 3F7DF2C627A040CD0089491A /* HomeScreen.swift */; };
/* End PBXBuildFile section */

/* Begin PBXContainerItemProxy section */
		3F7DF2A4279FE3160089491A /* PBXContainerItemProxy */ = {
			isa = PBXContainerItemProxy;
			containerPortal = 3F7DF28B279FE3140089491A /* Project object */;
			proxyType = 1;
			remoteGlobalIDString = 3F7DF292279FE3140089491A;
			remoteInfo = Furniture;
		};
		3F7DF2AE279FE3160089491A /* PBXContainerItemProxy */ = {
			isa = PBXContainerItemProxy;
			containerPortal = 3F7DF28B279FE3140089491A /* Project object */;
			proxyType = 1;
			remoteGlobalIDString = 3F7DF292279FE3140089491A;
			remoteInfo = Furniture;
		};
/* End PBXContainerItemProxy section */

/* Begin PBXFileReference section */
		3F07F04827A178D0003E36CB /* DetailScreen.swift */ = {isa = PBXFileReference; lastKnownFileType = sourcecode.swift; path = DetailScreen.swift; sourceTree = "<group>"; };
		3F7DF293279FE3140089491A /* Furniture.app */ = {isa = PBXFileReference; explicitFileType = wrapper.application; includeInIndex = 0; path = Furniture.app; sourceTree = BUILT_PRODUCTS_DIR; };
		3F7DF296279FE3140089491A /* FurnitureApp.swift */ = {isa = PBXFileReference; lastKnownFileType = sourcecode.swift; path = FurnitureApp.swift; sourceTree = "<group>"; };
		3F7DF298279FE3140089491A /* ContentView.swift */ = {isa = PBXFileReference; lastKnownFileType = sourcecode.swift; path = ContentView.swift; sourceTree = "<group>"; };
		3F7DF29A279FE3160089491A /* Assets.xcassets */ = {isa = PBXFileReference; lastKnownFileType = folder.assetcatalog; path = Assets.xcassets; sourceTree = "<group>"; };
		3F7DF29D279FE3160089491A /* Preview Assets.xcassets */ = {isa = PBXFileReference; lastKnownFileType = folder.assetcatalog; path = "Preview Assets.xcassets"; sourceTree = "<group>"; };
		3F7DF2A3279FE3160089491A /* FurnitureTests.xctest */ = {isa = PBXFileReference; explicitFileType = wrapper.cfbundle; includeInIndex = 0; path = FurnitureTests.xctest; sourceTree = BUILT_PRODUCTS_DIR; };
		3F7DF2A7279FE3160089491A /* FurnitureTests.swift */ = {isa = PBXFileReference; lastKnownFileType = sourcecode.swift; path = FurnitureTests.swift; sourceTree = "<group>"; };
		3F7DF2AD279FE3160089491A /* FurnitureUITests.xctest */ = {isa = PBXFileReference; explicitFileType = wrapper.cfbundle; includeInIndex = 0; path = FurnitureUITests.xctest; sourceTree = BUILT_PRODUCTS_DIR; };
		3F7DF2B1279FE3160089491A /* FurnitureUITests.swift */ = {isa = PBXFileReference; lastKnownFileType = sourcecode.swift; path = FurnitureUITests.swift; sourceTree = "<group>"; };
		3F7DF2B3279FE3160089491A /* FurnitureUITestsLaunchTests.swift */ = {isa = PBXFileReference; lastKnownFileType = sourcecode.swift; path = FurnitureUITestsLaunchTests.swift; sourceTree = "<group>"; };
		3F7DF2C1279FE5BC0089491A /* PlayfairDisplay-Bold.ttf */ = {isa = PBXFileReference; lastKnownFileType = file; path = "PlayfairDisplay-Bold.ttf"; sourceTree = "<group>"; };
		3F7DF2C2279FE5C40089491A /* PlayfairDisplay-Regular.ttf */ = {isa = PBXFileReference; lastKnownFileType = file; path = "PlayfairDisplay-Regular.ttf"; sourceTree = "<group>"; };
		3F7DF2C627A040CD0089491A /* HomeScreen.swift */ = {isa = PBXFileReference; lastKnownFileType = sourcecode.swift; path = HomeScreen.swift; sourceTree = "<group>"; };
/* End PBXFileReference section */

/* Begin PBXFrameworksBuildPhase section */
		3F7DF290279FE3140089491A /* Frameworks */ = {
			isa = PBXFrameworksBuildPhase;
			buildActionMask = 2147483647;
			files = (
			);
			runOnlyForDeploymentPostprocessing = 0;
		};
		3F7DF2A0279FE3160089491A /* Frameworks */ = {
			isa = PBXFrameworksBuildPhase;
			buildActionMask = 2147483647;
			files = (
			);
			runOnlyForDeploymentPostprocessing = 0;
		};
		3F7DF2AA279FE3160089491A /* Frameworks */ = {
			isa = PBXFrameworksBuildPhase;
			buildActionMask = 2147483647;
			files = (
			);
			runOnlyForDeploymentPostprocessing = 0;
		};
/* End PBXFrameworksBuildPhase section */

/* Begin PBXGroup section */
		3F7DF28A279FE3140089491A = {
			isa = PBXGroup;
			children = (
				3F7DF295279FE3140089491A /* Furniture */,
				3F7DF2A6279FE3160089491A /* FurnitureTests */,
				3F7DF2B0279FE3160089491A /* FurnitureUITests */,
				3F7DF294279FE3140089491A /* Products */,
			);
			sourceTree = "<group>";
		};
		3F7DF294279FE3140089491A /* Products */ = {
			isa = PBXGroup;
			children = (
				3F7DF293279FE3140089491A /* Furniture.app */,
				3F7DF2A3279FE3160089491A /* FurnitureTests.xctest */,
				3F7DF2AD279FE3160089491A /* FurnitureUITests.xctest */,
			);
			name = Products;
			sourceTree = "<group>";
		};
		3F7DF295279FE3140089491A /* Furniture */ = {
			isa = PBXGroup;
			children = (
				3F7DF2C327A03F850089491A /* Screen */,
				3F7DF2C0279FE5A40089491A /* Font */,
				3F7DF2C1279FE5BC0089491A /* PlayfairDisplay-Bold.ttf */,
				3F7DF2C2279FE5C40089491A /* PlayfairDisplay-Regular.ttf */,
				3F7DF296279FE3140089491A /* FurnitureApp.swift */,
				3F7DF298279FE3140089491A /* ContentView.swift */,
				3F7DF29A279FE3160089491A /* Assets.xcassets */,
				3F7DF29C279FE3160089491A /* Preview Content */,
			);
			path = Furniture;
			sourceTree = "<group>";
		};
		3F7DF29C279FE3160089491A /* Preview Content */ = {
			isa = PBXGroup;
			children = (
				3F7DF29D279FE3160089491A /* Preview Assets.xcassets */,
			);
			path = "Preview Content";
			sourceTree = "<group>";
		};
		3F7DF2A6279FE3160089491A /* FurnitureTests */ = {
			isa = PBXGroup;
			children = (
				3F7DF2A7279FE3160089491A /* FurnitureTests.swift */,
			);
			path = FurnitureTests;
			sourceTree = "<group>";
		};
		3F7DF2B0279FE3160089491A /* FurnitureUITests */ = {
			isa = PBXGroup;
			children = (
				3F7DF2B1279FE3160089491A /* FurnitureUITests.swift */,
				3F7DF2B3279FE3160089491A /* FurnitureUITestsLaunchTests.swift */,
			);
			path = FurnitureUITests;
			sourceTree = "<group>";
		};
		3F7DF2C0279FE5A40089491A /* Font */ = {
			isa = PBXGroup;
			children = (
			);
			path = Font;
			sourceTree = "<group>";
		};
		3F7DF2C327A03F850089491A /* Screen */ = {
			isa = PBXGroup;
			children = (
				3F7DF2C627A040CD0089491A /* HomeScreen.swift */,
				3F07F04827A178D0003E36CB /* DetailScreen.swift */,
			);
			path = Screen;
			sourceTree = "<group>";
		};
/* End PBXGroup section */

/* Begin PBXNativeTarget section */
		3F7DF292279FE3140089491A /* Furniture */ = {
			isa = PBXNativeTarget;
			buildConfigurationList = 3F7DF2B7279FE3160089491A /* Build configuration list for PBXNativeTarget "Furniture" */;
			buildPhases = (
				3F7DF28F279FE3140089491A /* Sources */,
				3F7DF290279FE3140089491A /* Frameworks */,
				3F7DF291279FE3140089491A /* Resources */,
			);
			buildRules = (
			);
			dependencies = (
			);
			name = Furniture;
			productName = Furniture;
			productReference = 3F7DF293279FE3140089491A /* Furniture.app */;
			productType = "com.apple.product-type.application";
		};
		3F7DF2A2279FE3160089491A /* FurnitureTests */ = {
			isa = PBXNativeTarget;
			buildConfigurationList = 3F7DF2BA279FE3160089491A /* Build configuration list for PBXNativeTarget "FurnitureTests" */;
			buildPhases = (
				3F7DF29F279FE3160089491A /* Sources */,
				3F7DF2A0279FE3160089491A /* Frameworks */,
				3F7DF2A1279FE3160089491A /* Resources */,
			);
			buildRules = (
			);
			dependencies = (
				3F7DF2A5279FE3160089491A /* PBXTargetDependency */,
			);
			name = FurnitureTests;
			productName = FurnitureTests;
			productReference = 3F7DF2A3279FE3160089491A /* FurnitureTests.xctest */;
			productType = "com.apple.product-type.bundle.unit-test";
		};
		3F7DF2AC279FE3160089491A /* FurnitureUITests */ = {
			isa = PBXNativeTarget;
			buildConfigurationList = 3F7DF2BD279FE3160089491A /* Build configuration list for PBXNativeTarget "FurnitureUITests" */;
			buildPhases = (
				3F7DF2A9279FE3160089491A /* Sources */,
				3F7DF2AA279FE3160089491A /* Frameworks */,
				3F7DF2AB279FE3160089491A /* Resources */,
			);
			buildRules = (
			);
			dependencies = (
				3F7DF2AF279FE3160089491A /* PBXTargetDependency */,
			);
			name = FurnitureUITests;
			productName = FurnitureUITests;
			productReference = 3F7DF2AD279FE3160089491A /* FurnitureUITests.xctest */;
			productType = "com.apple.product-type.bundle.ui-testing";
		};
/* End PBXNativeTarget section */

/* Begin PBXProject section */
		3F7DF28B279FE3140089491A /* Project object */ = {
			isa = PBXProject;
			attributes = {
				BuildIndependentTargetsInParallel = 1;
				LastSwiftUpdateCheck = 1310;
				LastUpgradeCheck = 1310;
				TargetAttributes = {
					3F7DF292279FE3140089491A = {
						CreatedOnToolsVersion = 13.1;
					};
					3F7DF2A2279FE3160089491A = {
						CreatedOnToolsVersion = 13.1;
						TestTargetID = 3F7DF292279FE3140089491A;
					};
					3F7DF2AC279FE3160089491A = {
						CreatedOnToolsVersion = 13.1;
						TestTargetID = 3F7DF292279FE3140089491A;
					};
				};
			};
			buildConfigurationList = 3F7DF28E279FE3140089491A /* Build configuration list for PBXProject "Furniture" */;
			compatibilityVersion = "Xcode 13.0";
			developmentRegion = en;
			hasScannedForEncodings = 0;
			knownRegions = (
				en,
				Base,
			);
			mainGroup = 3F7DF28A279FE3140089491A;
			productRefGroup = 3F7DF294279FE3140089491A /* Products */;
			projectDirPath = "";
			projectRoot = "";
			targets = (
				3F7DF292279FE3140089491A /* Furniture */,
				3F7DF2A2279FE3160089491A /* FurnitureTests */,
				3F7DF2AC279FE3160089491A /* FurnitureUITests */,
			);
		};
/* End PBXProject section */

/* Begin PBXResourcesBuildPhase section */
		3F7DF291279FE3140089491A /* Resources */ = {
			isa = PBXResourcesBuildPhase;
			buildActionMask = 2147483647;
			files = (
				3F7DF29E279FE3160089491A /* Preview Assets.xcassets in Resources */,
				3F7DF29B279FE3160089491A /* Assets.xcassets in Resources */,
			);
			runOnlyForDeploymentPostprocessing = 0;
		};
		3F7DF2A1279FE3160089491A /* Resources */ = {
			isa = PBXResourcesBuildPhase;
			buildActionMask = 2147483647;
			files = (
			);
			runOnlyForDeploymentPostprocessing = 0;
		};
		3F7DF2AB279FE3160089491A /* Resources */ = {
			isa = PBXResourcesBuildPhase;
			buildActionMask = 2147483647;
			files = (
			);
			runOnlyForDeploymentPostprocessing = 0;
		};
/* End PBXResourcesBuildPhase section */

/* Begin PBXSourcesBuildPhase section */
		3F7DF28F279FE3140089491A /* Sources */ = {
			isa = PBXSourcesBuildPhase;
			buildActionMask = 2147483647;
			files = (
				3F07F04927A178D0003E36CB /* DetailScreen.swift in Sources */,
				3F7DF299279FE3140089491A /* ContentView.swift in Sources */,
				3F7DF297279FE3140089491A /* FurnitureApp.swift in Sources */,
				3F7DF2C727A040CD0089491A /* HomeScreen.swift in Sources */,
			);
			runOnlyForDeploymentPostprocessing = 0;
		};
		3F7DF29F279FE3160089491A /* Sources */ = {
			isa = PBXSourcesBuildPhase;
			buildActionMask = 2147483647;
			files = (
				3F7DF2A8279FE3160089491A /* FurnitureTests.swift in Sources */,
			);
			runOnlyForDeploymentPostprocessing = 0;
		};
		3F7DF2A9279FE3160089491A /* Sources */ = {
			isa = PBXSourcesBuildPhase;
			buildActionMask = 2147483647;
			files = (
				3F7DF2B2279FE3160089491A /* FurnitureUITests.swift in Sources */,
				3F7DF2B4279FE3160089491A /* FurnitureUITestsLaunchTests.swift in Sources */,
			);
			runOnlyForDeploymentPostprocessing = 0;
		};
/* End PBXSourcesBuildPhase section */

/* Begin PBXTargetDependency section */
		3F7DF2A5279FE3160089491A /* PBXTargetDependency */ = {
			isa = PBXTargetDependency;
			target = 3F7DF292279FE3140089491A /* Furniture */;
			targetProxy = 3F7DF2A4279FE3160089491A /* PBXContainerItemProxy */;
		};
		3F7DF2AF279FE3160089491A /* PBXTargetDependency */ = {
			isa = PBXTargetDependency;
			target = 3F7DF292279FE3140089491A /* Furniture */;
			targetProxy = 3F7DF2AE279FE3160089491A /* PBXContainerItemProxy */;
		};
/* End PBXTargetDependency section */

/* Begin XCBuildConfiguration section */
		3F7DF2B5279FE3160089491A /* Debug */ = {
			isa = XCBuildConfiguration;
			buildSettings = {
				ALWAYS_SEARCH_USER_PATHS = NO;
				CLANG_ANALYZER_NONNULL = YES;
				CLANG_ANALYZER_NUMBER_OBJECT_CONVERSION = YES_AGGRESSIVE;
				CLANG_CXX_LANGUAGE_STANDARD = "gnu++17";
				CLANG_CXX_LIBRARY = "libc++";
				CLANG_ENABLE_MODULES = YES;
				CLANG_ENABLE_OBJC_ARC = YES;
				CLANG_ENABLE_OBJC_WEAK = YES;
				CLANG_WARN_BLOCK_CAPTURE_AUTORELEASING = YES;
				CLANG_WARN_BOOL_CONVERSION = YES;
				CLANG_WARN_COMMA = YES;
				CLANG_WARN_CONSTANT_CONVERSION = YES;
				CLANG_WARN_DEPRECATED_OBJC_IMPLEMENTATIONS = YES;
				CLANG_WARN_DIRECT_OBJC_ISA_USAGE = YES_ERROR;
				CLANG_WARN_DOCUMENTATION_COMMENTS = YES;
				CLANG_WARN_EMPTY_BODY = YES;
				CLANG_WARN_ENUM_CONVERSION = YES;
				CLANG_WARN_INFINITE_RECURSION = YES;
				CLANG_WARN_INT_CONVERSION = YES;
				CLANG_WARN_NON_LITERAL_NULL_CONVERSION = YES;
				CLANG_WARN_OBJC_IMPLICIT_RETAIN_SELF = YES;
				CLANG_WARN_OBJC_LITERAL_CONVERSION = YES;
				CLANG_WARN_OBJC_ROOT_CLASS = YES_ERROR;
				CLANG_WARN_QUOTED_INCLUDE_IN_FRAMEWORK_HEADER = YES;
				CLANG_WARN_RANGE_LOOP_ANALYSIS = YES;
				CLANG_WARN_STRICT_PROTOTYPES = YES;
				CLANG_WARN_SUSPICIOUS_MOVE = YES;
				CLANG_WARN_UNGUARDED_AVAILABILITY = YES_AGGRESSIVE;
				CLANG_WARN_UNREACHABLE_CODE = YES;
				CLANG_WARN__DUPLICATE_METHOD_MATCH = YES;
				COPY_PHASE_STRIP = NO;
				DEBUG_INFORMATION_FORMAT = dwarf;
				ENABLE_STRICT_OBJC_MSGSEND = YES;
				ENABLE_TESTABILITY = YES;
				GCC_C_LANGUAGE_STANDARD = gnu11;
				GCC_DYNAMIC_NO_PIC = NO;
				GCC_NO_COMMON_BLOCKS = YES;
				GCC_OPTIMIZATION_LEVEL = 0;
				GCC_PREPROCESSOR_DEFINITIONS = (
					"DEBUG=1",
					"$(inherited)",
				);
				GCC_WARN_64_TO_32_BIT_CONVERSION = YES;
				GCC_WARN_ABOUT_RETURN_TYPE = YES_ERROR;
				GCC_WARN_UNDECLARED_SELECTOR = YES;
				GCC_WARN_UNINITIALIZED_AUTOS = YES_AGGRESSIVE;
				GCC_WARN_UNUSED_FUNCTION = YES;
				GCC_WARN_UNUSED_VARIABLE = YES;
				IPHONEOS_DEPLOYMENT_TARGET = 15.0;
				MTL_ENABLE_DEBUG_INFO = INCLUDE_SOURCE;
				MTL_FAST_MATH = YES;
				ONLY_ACTIVE_ARCH = YES;
				SDKROOT = iphoneos;
				SWIFT_ACTIVE_COMPILATION_CONDITIONS = DEBUG;
				SWIFT_OPTIMIZATION_LEVEL = "-Onone";
			};
			name = Debug;
		};
		3F7DF2B6279FE3160089491A /* Release */ = {
			isa = XCBuildConfiguration;
			buildSettings = {
				ALWAYS_SEARCH_USER_PATHS = NO;
				CLANG_ANALYZER_NONNULL = YES;
				CLANG_ANALYZER_NUMBER_OBJECT_CONVERSION = YES_AGGRESSIVE;
				CLANG_CXX_LANGUAGE_STANDARD = "gnu++17";
				CLANG_CXX_LIBRARY = "libc++";
				CLANG_ENABLE_MODULES = YES;
				CLANG_ENABLE_OBJC_ARC = YES;
				CLANG_ENABLE_OBJC_WEAK = YES;
				CLANG_WARN_BLOCK_CAPTURE_AUTORELEASING = YES;
				CLANG_WARN_BOOL_CONVERSION = YES;
				CLANG_WARN_COMMA = YES;
				CLANG_WARN_CONSTANT_CONVERSION = YES;
				CLANG_WARN_DEPRECATED_OBJC_IMPLEMENTATIONS = YES;
				CLANG_WARN_DIRECT_OBJC_ISA_USAGE = YES_ERROR;
				CLANG_WARN_DOCUMENTATION_COMMENTS = YES;
				CLANG_WARN_EMPTY_BODY = YES;
				CLANG_WARN_ENUM_CONVERSION = YES;
				CLANG_WARN_INFINITE_RECURSION = YES;
				CLANG_WARN_INT_CONVERSION = YES;
				CLANG_WARN_NON_LITERAL_NULL_CONVERSION = YES;
				CLANG_WARN_OBJC_IMPLICIT_RETAIN_SELF = YES;
				CLANG_WARN_OBJC_LITERAL_CONVERSION = YES;
				CLANG_WARN_OBJC_ROOT_CLASS = YES_ERROR;
				CLANG_WARN_QUOTED_INCLUDE_IN_FRAMEWORK_HEADER = YES;
				CLANG_WARN_RANGE_LOOP_ANALYSIS = YES;
				CLANG_WARN_STRICT_PROTOTYPES = YES;
				CLANG_WARN_SUSPICIOUS_MOVE = YES;
				CLANG_WARN_UNGUARDED_AVAILABILITY = YES_AGGRESSIVE;
				CLANG_WARN_UNREACHABLE_CODE = YES;
				CLANG_WARN__DUPLICATE_METHOD_MATCH = YES;
				COPY_PHASE_STRIP = NO;
				DEBUG_INFORMATION_FORMAT = "dwarf-with-dsym";
				ENABLE_NS_ASSERTIONS = NO;
				ENABLE_STRICT_OBJC_MSGSEND = YES;
				GCC_C_LANGUAGE_STANDARD = gnu11;
				GCC_NO_COMMON_BLOCKS = YES;
				GCC_WARN_64_TO_32_BIT_CONVERSION = YES;
				GCC_WARN_ABOUT_RETURN_TYPE = YES_ERROR;
				GCC_WARN_UNDECLARED_SELECTOR = YES;
				GCC_WARN_UNINITIALIZED_AUTOS = YES_AGGRESSIVE;
				GCC_WARN_UNUSED_FUNCTION = YES;
				GCC_WARN_UNUSED_VARIABLE = YES;
				IPHONEOS_DEPLOYMENT_TARGET = 15.0;
				MTL_ENABLE_DEBUG_INFO = NO;
				MTL_FAST_MATH = YES;
				SDKROOT = iphoneos;
				SWIFT_COMPILATION_MODE = wholemodule;
				SWIFT_OPTIMIZATION_LEVEL = "-O";
				VALIDATE_PRODUCT = YES;
			};
			name = Release;
		};
		3F7DF2B8279FE3160089491A /* Debug */ = {
			isa = XCBuildConfiguration;
			buildSettings = {
				ASSETCATALOG_COMPILER_APPICON_NAME = AppIcon;
				ASSETCATALOG_COMPILER_GLOBAL_ACCENT_COLOR_NAME = AccentColor;
				CODE_SIGN_STYLE = Automatic;
				CURRENT_PROJECT_VERSION = 1;
				DEVELOPMENT_ASSET_PATHS = "\"Furniture/Preview Content\"";
				DEVELOPMENT_TEAM = N6CSQ2SD78;
				ENABLE_PREVIEWS = YES;
				GENERATE_INFOPLIST_FILE = YES;
				INFOPLIST_KEY_UIApplicationSceneManifest_Generation = YES;
				INFOPLIST_KEY_UIApplicationSupportsIndirectInputEvents = YES;
				INFOPLIST_KEY_UILaunchScreen_Generation = YES;
				INFOPLIST_KEY_UISupportedInterfaceOrientations_iPad = "UIInterfaceOrientationPortrait UIInterfaceOrientationPortraitUpsideDown UIInterfaceOrientationLandscapeLeft UIInterfaceOrientationLandscapeRight";
				INFOPLIST_KEY_UISupportedInterfaceOrientations_iPhone = "UIInterfaceOrientationPortrait UIInterfaceOrientationLandscapeLeft UIInterfaceOrientationLandscapeRight";
				LD_RUNPATH_SEARCH_PATHS = (
					"$(inherited)",
					"@executable_path/Frameworks",
				);
				MARKETING_VERSION = 1.0;
				PRODUCT_BUNDLE_IDENTIFIER = com.chukwuemekajennifer.Furniture;
				PRODUCT_NAME = "$(TARGET_NAME)";
				SWIFT_EMIT_LOC_STRINGS = YES;
				SWIFT_VERSION = 5.0;
				TARGETED_DEVICE_FAMILY = "1,2";
			};
			name = Debug;
		};
		3F7DF2B9279FE3160089491A /* Release */ = {
			isa = XCBuildConfiguration;
			buildSettings = {
				ASSETCATALOG_COMPILER_APPICON_NAME = AppIcon;
				ASSETCATALOG_COMPILER_GLOBAL_ACCENT_COLOR_NAME = AccentColor;
				CODE_SIGN_STYLE = Automatic;
				CURRENT_PROJECT_VERSION = 1;
				DEVELOPMENT_ASSET_PATHS = "\"Furniture/Preview Content\"";
				DEVELOPMENT_TEAM = N6CSQ2SD78;
				ENABLE_PREVIEWS = YES;
				GENERATE_INFOPLIST_FILE = YES;
				INFOPLIST_KEY_UIApplicationSceneManifest_Generation = YES;
				INFOPLIST_KEY_UIApplicationSupportsIndirectInputEvents = YES;
				INFOPLIST_KEY_UILaunchScreen_Generation = YES;
				INFOPLIST_KEY_UISupportedInterfaceOrientations_iPad = "UIInterfaceOrientationPortrait UIInterfaceOrientationPortraitUpsideDown UIInterfaceOrientationLandscapeLeft UIInterfaceOrientationLandscapeRight";
				INFOPLIST_KEY_UISupportedInterfaceOrientations_iPhone = "UIInterfaceOrientationPortrait UIInterfaceOrientationLandscapeLeft UIInterfaceOrientationLandscapeRight";
				LD_RUNPATH_SEARCH_PATHS = (
					"$(inherited)",
					"@executable_path/Frameworks",
				);
				MARKETING_VERSION = 1.0;
				PRODUCT_BUNDLE_IDENTIFIER = com.chukwuemekajennifer.Furniture;
				PRODUCT_NAME = "$(TARGET_NAME)";
				SWIFT_EMIT_LOC_STRINGS = YES;
				SWIFT_VERSION = 5.0;
				TARGETED_DEVICE_FAMILY = "1,2";
			};
			name = Release;
		};
		3F7DF2BB279FE3160089491A /* Debug */ = {
			isa = XCBuildConfiguration;
			buildSettings = {
				ALWAYS_EMBED_SWIFT_STANDARD_LIBRARIES = YES;
				BUNDLE_LOADER = "$(TEST_HOST)";
				CODE_SIGN_STYLE = Automatic;
				CURRENT_PROJECT_VERSION = 1;
				DEVELOPMENT_TEAM = N6CSQ2SD78;
				GENERATE_INFOPLIST_FILE = YES;
				IPHONEOS_DEPLOYMENT_TARGET = 15.0;
				LD_RUNPATH_SEARCH_PATHS = (
					"$(inherited)",
					"@executable_path/Frameworks",
					"@loader_path/Frameworks",
				);
				MARKETING_VERSION = 1.0;
				PRODUCT_BUNDLE_IDENTIFIER = com.chukwuemekajennifer.FurnitureTests;
				PRODUCT_NAME = "$(TARGET_NAME)";
				SWIFT_EMIT_LOC_STRINGS = NO;
				SWIFT_VERSION = 5.0;
				TARGETED_DEVICE_FAMILY = "1,2";
				TEST_HOST = "$(BUILT_PRODUCTS_DIR)/Furniture.app/Furniture";
			};
			name = Debug;
		};
		3F7DF2BC279FE3160089491A /* Release */ = {
			isa = XCBuildConfiguration;
			buildSettings = {
				ALWAYS_EMBED_SWIFT_STANDARD_LIBRARIES = YES;
				BUNDLE_LOADER = "$(TEST_HOST)";
				CODE_SIGN_STYLE = Automatic;
				CURRENT_PROJECT_VERSION = 1;
				DEVELOPMENT_TEAM = N6CSQ2SD78;
				GENERATE_INFOPLIST_FILE = YES;
				IPHONEOS_DEPLOYMENT_TARGET = 15.0;
				LD_RUNPATH_SEARCH_PATHS = (
					"$(inherited)",
					"@executable_path/Frameworks",
					"@loader_path/Frameworks",
				);
				MARKETING_VERSION = 1.0;
				PRODUCT_BUNDLE_IDENTIFIER = com.chukwuemekajennifer.FurnitureTests;
				PRODUCT_NAME = "$(TARGET_NAME)";
				SWIFT_EMIT_LOC_STRINGS = NO;
				SWIFT_VERSION = 5.0;
				TARGETED_DEVICE_FAMILY = "1,2";
				TEST_HOST = "$(BUILT_PRODUCTS_DIR)/Furniture.app/Furniture";
			};
			name = Release;
		};
		3F7DF2BE279FE3160089491A /* Debug */ = {
			isa = XCBuildConfiguration;
			buildSettings = {
				ALWAYS_EMBED_SWIFT_STANDARD_LIBRARIES = YES;
				CODE_SIGN_STYLE = Automatic;
				CURRENT_PROJECT_VERSION = 1;
				DEVELOPMENT_TEAM = N6CSQ2SD78;
				GENERATE_INFOPLIST_FILE = YES;
				LD_RUNPATH_SEARCH_PATHS = (
					"$(inherited)",
					"@executable_path/Frameworks",
					"@loader_path/Frameworks",
				);
				MARKETING_VERSION = 1.0;
				PRODUCT_BUNDLE_IDENTIFIER = com.chukwuemekajennifer.FurnitureUITests;
				PRODUCT_NAME = "$(TARGET_NAME)";
				SWIFT_EMIT_LOC_STRINGS = NO;
				SWIFT_VERSION = 5.0;
				TARGETED_DEVICE_FAMILY = "1,2";
				TEST_TARGET_NAME = Furniture;
			};
			name = Debug;
		};
		3F7DF2BF279FE3160089491A /* Release */ = {
			isa = XCBuildConfiguration;
			buildSettings = {
				ALWAYS_EMBED_SWIFT_STANDARD_LIBRARIES = YES;
				CODE_SIGN_STYLE = Automatic;
				CURRENT_PROJECT_VERSION = 1;
				DEVELOPMENT_TEAM = N6CSQ2SD78;
				GENERATE_INFOPLIST_FILE = YES;
				LD_RUNPATH_SEARCH_PATHS = (
					"$(inherited)",
					"@executable_path/Frameworks",
					"@loader_path/Frameworks",
				);
				MARKETING_VERSION = 1.0;
				PRODUCT_BUNDLE_IDENTIFIER = com.chukwuemekajennifer.FurnitureUITests;
				PRODUCT_NAME = "$(TARGET_NAME)";
				SWIFT_EMIT_LOC_STRINGS = NO;
				SWIFT_VERSION = 5.0;
				TARGETED_DEVICE_FAMILY = "1,2";
				TEST_TARGET_NAME = Furniture;
			};
			name = Release;
		};
/* End XCBuildConfiguration section */

/* Begin XCConfigurationList section */
		3F7DF28E279FE3140089491A /* Build configuration list for PBXProject "Furniture" */ = {
			isa = XCConfigurationList;
			buildConfigurations = (
				3F7DF2B5279FE3160089491A /* Debug */,
				3F7DF2B6279FE3160089491A /* Release */,
			);
			defaultConfigurationIsVisible = 0;
			defaultConfigurationName = Release;
		};
		3F7DF2B7279FE3160089491A /* Build configuration list for PBXNativeTarget "Furniture" */ = {
			isa = XCConfigurationList;
			buildConfigurations = (
				3F7DF2B8279FE3160089491A /* Debug */,
				3F7DF2B9279FE3160089491A /* Release */,
			);
			defaultConfigurationIsVisible = 0;
			defaultConfigurationName = Release;
		};
		3F7DF2BA279FE3160089491A /* Build configuration list for PBXNativeTarget "FurnitureTests" */ = {
			isa = XCConfigurationList;
			buildConfigurations = (
				3F7DF2BB279FE3160089491A /* Debug */,
				3F7DF2BC279FE3160089491A /* Release */,
			);
			defaultConfigurationIsVisible = 0;
			defaultConfigurationName = Release;
		};
		3F7DF2BD279FE3160089491A /* Build configuration list for PBXNativeTarget "FurnitureUITests" */ = {
			isa = XCConfigurationList;
			buildConfigurations = (
				3F7DF2BE279FE3160089491A /* Debug */,
				3F7DF2BF279FE3160089491A /* Release */,
			);
			defaultConfigurationIsVisible = 0;
			defaultConfigurationName = Release;
		};
/* End XCConfigurationList section */
	};
	rootObject = 3F7DF28B279FE3140089491A /* Project object */;
}
